{
  "version": 4,
  "terraform_version": "1.5.7",
  "serial": 12,
  "lineage": "1e103349-5237-4a16-b35c-67e5408f1f00",
  "outputs": {
    "aws_ec2_object": {
      "value": {
        "ami": "ubuntu-an234nk2kn23",
        "instances": 4,
        "keys": [
          "key1",
          "key2"
        ],
        "name": "demo_ec2"
      },
      "type": [
        "object",
        {
          "ami": "string",
          "instances": "number",
          "keys": [
            "list",
            "string"
          ],
          "name": "string"
        }
      ]
    }
  },
  "resources": [
    {
      "mode": "managed",
      "type": "local_file",
      "name": "file1",
      "provider": "provider[\"registry.terraform.io/hashicorp/local\"]",
      "instances": [
        {
          "schema_version": 0,
          "attributes": {
            "content": "This is from content1",
            "content_base64": null,
            "content_base64sha256": "wX49FlhGco7+B2zE51mpQxtIx6biXpNOcdubqy/0MM0=",
            "content_base64sha512": "eQG7SpS2Qdw10eWjgp6j9iaiYDQWn77E6ayTg8KBn6KcYxiLzMCXCv16tjGFuaojEqwdhrIxRk8Ilfh6DRY/RA==",
            "content_md5": "5139f7c807e60e3893ae40c279abe623",
            "content_sha1": "44f9ef596f90e409c3ce4927b21203cc24dcc9ab",
            "content_sha256": "c17e3d165846728efe076cc4e759a9431b48c7a6e25e934e71db9bab2ff430cd",
            "content_sha512": "7901bb4a94b641dc35d1e5a3829ea3f626a26034169fbec4e9ac9383c2819fa29c63188bccc0970afd7ab63185b9aa2312ac1d86b231464f0895f87a0d163f44",
            "directory_permission": "0777",
            "file_permission": "0777",
            "filename": "/home/ubuntu/terraform-demo/terraform-variables/file_1.txt",
            "id": "44f9ef596f90e409c3ce4927b21203cc24dcc9ab",
            "sensitive_content": null,
            "source": null
          },
          "sensitive_attributes": []
        }
      ]
    },
    {
      "mode": "managed",
      "type": "local_file",
      "name": "file2",
      "provider": "provider[\"registry.terraform.io/hashicorp/local\"]",
      "instances": [
        {
          "schema_version": 0,
          "attributes": {
            "content": "This is from content2",
            "content_base64": null,
            "content_base64sha256": "64ZgadKiBpeWLw7FzcvYNvES9Jm7QKP/7VTqR+5frNg=",
            "content_base64sha512": "E6+YJsEL86rAIUwJ5lWU5otjI6/HKQt/TYE2hDKnce5L1fQZMJsldKIHwXbwsC0/xdCH8nOGSMBadaJyELgY6g==",
            "content_md5": "1558356d120cb7079bd7026e59238e09",
            "content_sha1": "4a7c4b169cad4745ba4a89dc723ecd8e0c9e6ca8",
            "content_sha256": "eb866069d2a20697962f0ec5cdcbd836f112f499bb40a3ffed54ea47ee5facd8",
            "content_sha512": "13af9826c10bf3aac0214c09e65594e68b6323afc7290b7f4d81368432a771ee4bd5f419309b2574a207c176f0b02d3fc5d087f2738648c05a75a27210b818ea",
            "directory_permission": "0777",
            "file_permission": "0777",
            "filename": "/home/ubuntu/terraform-demo/terraform-variables/file_2.txt",
            "id": "4a7c4b169cad4745ba4a89dc723ecd8e0c9e6ca8",
            "sensitive_content": null,
            "source": null
          },
          "sensitive_attributes": []
        }
      ]
    }
  ],
  "check_results": null
}
